
Microsoft Visual Studio Solution File, Format Version 12.00
# Visual Studio 14
VisualStudioVersion = 14.0.24720.0
MinimumVisualStudioVersion = 10.0.40219.1
Project("{2150E333-8FDC-42A3-9474-1A3956D46DE8}") = "src", "src", "{2C6FF073-CF48-48AC-A8F9-39255D068FA0}"
EndProject
Project("{2150E333-8FDC-42A3-9474-1A3956D46DE8}") = "tests", "tests", "{CDC60C9B-9595-4685-A9A5-AAB6FF98FB22}"
EndProject
Project("{FAE04EC0-301F-11D3-BF4B-00C04F79EFBC}") = "Cer.Core", "src\Cer.Core\Cer.Core.csproj", "{BAA64AF4-3871-408A-9420-5A526BCC2BB3}"
EndProject
Project("{FAE04EC0-301F-11D3-BF4B-00C04F79EFBC}") = "Cer.Infrastructure.Data.EfProvider", "src\Cer.Infractructure.Data.EfProvider\Cer.Infrastructure.Data.EfProvider.csproj", "{413D0887-9C4F-4E95-85B4-6D082557AFEE}"
EndProject
Project("{FAE04EC0-301F-11D3-BF4B-00C04F79EFBC}") = "Cer.Infrastructure.Business.Service", "src\Cer.Infrastructure.Business.Service\Cer.Infrastructure.Business.Service.csproj", "{9BB30498-9974-44FB-942E-B28495264116}"
EndProject
Project("{FAE04EC0-301F-11D3-BF4B-00C04F79EFBC}") = "Cer.Infrastructure.Proxy.Server.WebApis", "src\Cer.Infrastructure.Proxy.Server.WebApi\Cer.Infrastructure.Proxy.Server.WebApis.csproj", "{0B6D2D75-5B37-4DF5-BD6E-0FDAA8A47A7C}"
EndProject
Project("{FAE04EC0-301F-11D3-BF4B-00C04F79EFBC}") = "Cer.Presentation.WebUi", "src\Cer.Presentation.WebUi\Cer.Presentation.WebUi.csproj", "{E5BA8E98-18EF-4B73-B189-3D6FB980F44A}"
EndProject
Project("{FAE04EC0-301F-11D3-BF4B-00C04F79EFBC}") = "Cer.IntegrationTests", "tests\Cer.IntegrationTests\Cer.IntegrationTests.csproj", "{79379BD0-5533-4CB8-B9F8-B04CE426CD78}"
EndProject
Project("{FAE04EC0-301F-11D3-BF4B-00C04F79EFBC}") = "Cer.UnitTests", "tests\Cer.UnitTests\Cer.UnitTests.csproj", "{A1F1B8A2-82ED-44B0-B4D8-345B0EBFC6D9}"
EndProject
Project("{2150E333-8FDC-42A3-9474-1A3956D46DE8}") = "Solution Items", "Solution Items", "{F2500CDF-41D9-4F20-B067-6A35A2FFD9F4}"
	ProjectSection(SolutionItems) = preProject
		README.md = README.md
	EndProjectSection
EndProject
Project("{2150E333-8FDC-42A3-9474-1A3956D46DE8}") = "cemetary", "cemetary", "{2513DAB6-DF29-4522-82D4-0CDBF8517CA5}"
EndProject
Project("{FAE04EC0-301F-11D3-BF4B-00C04F79EFBC}") = "Cer.Infrastructure.Proxy.WebApi", "src\Cer.Infrastructure.Proxy.WebApi\Cer.Infrastructure.Proxy.WebApi.csproj", "{F9D251C6-F1D0-4BF0-9041-ABE4298F6B18}"
EndProject
Project("{FAE04EC0-301F-11D3-BF4B-00C04F79EFBC}") = "Cer.Ui.Web", "Cer.Ui.Web\Cer.Ui.Web.csproj", "{065D02E4-9AA3-4781-BF46-B389E26A67BD}"
EndProject
Global
	GlobalSection(SolutionConfigurationPlatforms) = preSolution
		Debug|Any CPU = Debug|Any CPU
		Release|Any CPU = Release|Any CPU
	EndGlobalSection
	GlobalSection(ProjectConfigurationPlatforms) = postSolution
		{BAA64AF4-3871-408A-9420-5A526BCC2BB3}.Debug|Any CPU.ActiveCfg = Debug|Any CPU
		{BAA64AF4-3871-408A-9420-5A526BCC2BB3}.Debug|Any CPU.Build.0 = Debug|Any CPU
		{BAA64AF4-3871-408A-9420-5A526BCC2BB3}.Release|Any CPU.ActiveCfg = Release|Any CPU
		{BAA64AF4-3871-408A-9420-5A526BCC2BB3}.Release|Any CPU.Build.0 = Release|Any CPU
		{413D0887-9C4F-4E95-85B4-6D082557AFEE}.Debug|Any CPU.ActiveCfg = Debug|Any CPU
		{413D0887-9C4F-4E95-85B4-6D082557AFEE}.Debug|Any CPU.Build.0 = Debug|Any CPU
		{413D0887-9C4F-4E95-85B4-6D082557AFEE}.Release|Any CPU.ActiveCfg = Release|Any CPU
		{413D0887-9C4F-4E95-85B4-6D082557AFEE}.Release|Any CPU.Build.0 = Release|Any CPU
		{9BB30498-9974-44FB-942E-B28495264116}.Debug|Any CPU.ActiveCfg = Debug|Any CPU
		{9BB30498-9974-44FB-942E-B28495264116}.Debug|Any CPU.Build.0 = Debug|Any CPU
		{9BB30498-9974-44FB-942E-B28495264116}.Release|Any CPU.ActiveCfg = Release|Any CPU
		{9BB30498-9974-44FB-942E-B28495264116}.Release|Any CPU.Build.0 = Release|Any CPU
		{0B6D2D75-5B37-4DF5-BD6E-0FDAA8A47A7C}.Debug|Any CPU.ActiveCfg = Debug|Any CPU
		{0B6D2D75-5B37-4DF5-BD6E-0FDAA8A47A7C}.Debug|Any CPU.Build.0 = Debug|Any CPU
		{0B6D2D75-5B37-4DF5-BD6E-0FDAA8A47A7C}.Release|Any CPU.ActiveCfg = Release|Any CPU
		{0B6D2D75-5B37-4DF5-BD6E-0FDAA8A47A7C}.Release|Any CPU.Build.0 = Release|Any CPU
		{E5BA8E98-18EF-4B73-B189-3D6FB980F44A}.Debug|Any CPU.ActiveCfg = Debug|Any CPU
		{E5BA8E98-18EF-4B73-B189-3D6FB980F44A}.Debug|Any CPU.Build.0 = Debug|Any CPU
		{E5BA8E98-18EF-4B73-B189-3D6FB980F44A}.Release|Any CPU.ActiveCfg = Release|Any CPU
		{E5BA8E98-18EF-4B73-B189-3D6FB980F44A}.Release|Any CPU.Build.0 = Release|Any CPU
		{79379BD0-5533-4CB8-B9F8-B04CE426CD78}.Debug|Any CPU.ActiveCfg = Debug|Any CPU
		{79379BD0-5533-4CB8-B9F8-B04CE426CD78}.Debug|Any CPU.Build.0 = Debug|Any CPU
		{79379BD0-5533-4CB8-B9F8-B04CE426CD78}.Release|Any CPU.ActiveCfg = Release|Any CPU
		{79379BD0-5533-4CB8-B9F8-B04CE426CD78}.Release|Any CPU.Build.0 = Release|Any CPU
		{A1F1B8A2-82ED-44B0-B4D8-345B0EBFC6D9}.Debug|Any CPU.ActiveCfg = Debug|Any CPU
		{A1F1B8A2-82ED-44B0-B4D8-345B0EBFC6D9}.Debug|Any CPU.Build.0 = Debug|Any CPU
		{A1F1B8A2-82ED-44B0-B4D8-345B0EBFC6D9}.Release|Any CPU.ActiveCfg = Release|Any CPU
		{A1F1B8A2-82ED-44B0-B4D8-345B0EBFC6D9}.Release|Any CPU.Build.0 = Release|Any CPU
		{F9D251C6-F1D0-4BF0-9041-ABE4298F6B18}.Debug|Any CPU.ActiveCfg = Debug|Any CPU
		{F9D251C6-F1D0-4BF0-9041-ABE4298F6B18}.Debug|Any CPU.Build.0 = Debug|Any CPU
		{F9D251C6-F1D0-4BF0-9041-ABE4298F6B18}.Release|Any CPU.ActiveCfg = Release|Any CPU
		{F9D251C6-F1D0-4BF0-9041-ABE4298F6B18}.Release|Any CPU.Build.0 = Release|Any CPU
		{065D02E4-9AA3-4781-BF46-B389E26A67BD}.Debug|Any CPU.ActiveCfg = Debug|Any CPU
		{065D02E4-9AA3-4781-BF46-B389E26A67BD}.Debug|Any CPU.Build.0 = Debug|Any CPU
		{065D02E4-9AA3-4781-BF46-B389E26A67BD}.Release|Any CPU.ActiveCfg = Release|Any CPU
		{065D02E4-9AA3-4781-BF46-B389E26A67BD}.Release|Any CPU.Build.0 = Release|Any CPU
	EndGlobalSection
	GlobalSection(SolutionProperties) = preSolution
		HideSolutionNode = FALSE
	EndGlobalSection
	GlobalSection(NestedProjects) = preSolution
		{BAA64AF4-3871-408A-9420-5A526BCC2BB3} = {2C6FF073-CF48-48AC-A8F9-39255D068FA0}
		{413D0887-9C4F-4E95-85B4-6D082557AFEE} = {2C6FF073-CF48-48AC-A8F9-39255D068FA0}
		{9BB30498-9974-44FB-942E-B28495264116} = {2C6FF073-CF48-48AC-A8F9-39255D068FA0}
		{0B6D2D75-5B37-4DF5-BD6E-0FDAA8A47A7C} = {2513DAB6-DF29-4522-82D4-0CDBF8517CA5}
		{E5BA8E98-18EF-4B73-B189-3D6FB980F44A} = {2513DAB6-DF29-4522-82D4-0CDBF8517CA5}
		{79379BD0-5533-4CB8-B9F8-B04CE426CD78} = {CDC60C9B-9595-4685-A9A5-AAB6FF98FB22}
		{A1F1B8A2-82ED-44B0-B4D8-345B0EBFC6D9} = {CDC60C9B-9595-4685-A9A5-AAB6FF98FB22}
		{F9D251C6-F1D0-4BF0-9041-ABE4298F6B18} = {2C6FF073-CF48-48AC-A8F9-39255D068FA0}
		{065D02E4-9AA3-4781-BF46-B389E26A67BD} = {2C6FF073-CF48-48AC-A8F9-39255D068FA0}
	EndGlobalSection
EndGlobal
