
Microsoft Visual Studio Solution File, Format Version 12.00
# Visual Studio 14
VisualStudioVersion = 14.0.24720.0
MinimumVisualStudioVersion = 10.0.40219.1
Project("{FAE04EC0-301F-11D3-BF4B-00C04F79EFBC}") = "Cer.Core", "Cer.Core\Cer.Core.csproj", "{BAA64AF4-3871-408A-9420-5A526BCC2BB3}"
EndProject
Project("{FAE04EC0-301F-11D3-BF4B-00C04F79EFBC}") = "Cer.Infrastructure", "Cer.Infrastructure\Cer.Infrastructure.csproj", "{413D0887-9C4F-4E95-85B4-6D082557AFEE}"
EndProject
Project("{FAE04EC0-301F-11D3-BF4B-00C04F79EFBC}") = "Cer.WebUi", "Cer.WebUi\Cer.WebUi.csproj", "{E5BA8E98-18EF-4B73-B189-3D6FB980F44A}"
EndProject
Project("{2150E333-8FDC-42A3-9474-1A3956D46DE8}") = "src", "src", "{2C6FF073-CF48-48AC-A8F9-39255D068FA0}"
EndProject
Project("{2150E333-8FDC-42A3-9474-1A3956D46DE8}") = "tests", "tests", "{CDC60C9B-9595-4685-A9A5-AAB6FF98FB22}"
EndProject
Global
	GlobalSection(SolutionConfigurationPlatforms) = preSolution
		Debug|Any CPU = Debug|Any CPU
		Release|Any CPU = Release|Any CPU
	EndGlobalSection
	GlobalSection(ProjectConfigurationPlatforms) = postSolution
		{BAA64AF4-3871-408A-9420-5A526BCC2BB3}.Debug|Any CPU.ActiveCfg = Debug|Any CPU
		{BAA64AF4-3871-408A-9420-5A526BCC2BB3}.Debug|Any CPU.Build.0 = Debug|Any CPU
		{BAA64AF4-3871-408A-9420-5A526BCC2BB3}.Release|Any CPU.ActiveCfg = Release|Any CPU
		{BAA64AF4-3871-408A-9420-5A526BCC2BB3}.Release|Any CPU.Build.0 = Release|Any CPU
		{413D0887-9C4F-4E95-85B4-6D082557AFEE}.Debug|Any CPU.ActiveCfg = Debug|Any CPU
		{413D0887-9C4F-4E95-85B4-6D082557AFEE}.Debug|Any CPU.Build.0 = Debug|Any CPU
		{413D0887-9C4F-4E95-85B4-6D082557AFEE}.Release|Any CPU.ActiveCfg = Release|Any CPU
		{413D0887-9C4F-4E95-85B4-6D082557AFEE}.Release|Any CPU.Build.0 = Release|Any CPU
		{E5BA8E98-18EF-4B73-B189-3D6FB980F44A}.Debug|Any CPU.ActiveCfg = Debug|Any CPU
		{E5BA8E98-18EF-4B73-B189-3D6FB980F44A}.Debug|Any CPU.Build.0 = Debug|Any CPU
		{E5BA8E98-18EF-4B73-B189-3D6FB980F44A}.Release|Any CPU.ActiveCfg = Release|Any CPU
		{E5BA8E98-18EF-4B73-B189-3D6FB980F44A}.Release|Any CPU.Build.0 = Release|Any CPU
	EndGlobalSection
	GlobalSection(SolutionProperties) = preSolution
		HideSolutionNode = FALSE
	EndGlobalSection
	GlobalSection(NestedProjects) = preSolution
		{BAA64AF4-3871-408A-9420-5A526BCC2BB3} = {2C6FF073-CF48-48AC-A8F9-39255D068FA0}
		{413D0887-9C4F-4E95-85B4-6D082557AFEE} = {2C6FF073-CF48-48AC-A8F9-39255D068FA0}
		{E5BA8E98-18EF-4B73-B189-3D6FB980F44A} = {2C6FF073-CF48-48AC-A8F9-39255D068FA0}
	EndGlobalSection
EndGlobal
